
Microsoft Visual Studio Solution File, Format Version 12.00
# Visual Studio Version 17
VisualStudioVersion = 17.0.31903.59
MinimumVisualStudioVersion = 10.0.40219.1
Project("{FAE04EC0-301F-11D3-BF4B-00C04F79EFBC}") = "API", "API\API.csproj", "{0F6F97F9-7220-4D8E-BC02-4B35967806D3}"
EndProject
Project("{FAE04EC0-301F-11D3-BF4B-00C04F79EFBC}") = "Core", "Core\Core.csproj", "{CE61D5FE-FC13-49CA-9BCC-F74608FC4D47}"
EndProject
Project("{FAE04EC0-301F-11D3-BF4B-00C04F79EFBC}") = "Infrastructure", "Infrastructure\Infrastructure.csproj", "{AB528E75-44B1-478F-9CFC-BAD00B924C72}"
EndProject
Global
	GlobalSection(SolutionConfigurationPlatforms) = preSolution
		Debug|Any CPU = Debug|Any CPU
		Release|Any CPU = Release|Any CPU
	EndGlobalSection
	GlobalSection(SolutionProperties) = preSolution
		HideSolutionNode = FALSE
	EndGlobalSection
	GlobalSection(ProjectConfigurationPlatforms) = postSolution
		{0F6F97F9-7220-4D8E-BC02-4B35967806D3}.Debug|Any CPU.ActiveCfg = Debug|Any CPU
		{0F6F97F9-7220-4D8E-BC02-4B35967806D3}.Debug|Any CPU.Build.0 = Debug|Any CPU
		{0F6F97F9-7220-4D8E-BC02-4B35967806D3}.Release|Any CPU.ActiveCfg = Release|Any CPU
		{0F6F97F9-7220-4D8E-BC02-4B35967806D3}.Release|Any CPU.Build.0 = Release|Any CPU
		{CE61D5FE-FC13-49CA-9BCC-F74608FC4D47}.Debug|Any CPU.ActiveCfg = Debug|Any CPU
		{CE61D5FE-FC13-49CA-9BCC-F74608FC4D47}.Debug|Any CPU.Build.0 = Debug|Any CPU
		{CE61D5FE-FC13-49CA-9BCC-F74608FC4D47}.Release|Any CPU.ActiveCfg = Release|Any CPU
		{CE61D5FE-FC13-49CA-9BCC-F74608FC4D47}.Release|Any CPU.Build.0 = Release|Any CPU
		{AB528E75-44B1-478F-9CFC-BAD00B924C72}.Debug|Any CPU.ActiveCfg = Debug|Any CPU
		{AB528E75-44B1-478F-9CFC-BAD00B924C72}.Debug|Any CPU.Build.0 = Debug|Any CPU
		{AB528E75-44B1-478F-9CFC-BAD00B924C72}.Release|Any CPU.ActiveCfg = Release|Any CPU
		{AB528E75-44B1-478F-9CFC-BAD00B924C72}.Release|Any CPU.Build.0 = Release|Any CPU
	EndGlobalSection
EndGlobal
